
Microsoft Visual Studio Solution File, Format Version 12.00
# Visual Studio 15
VisualStudioVersion = 15.0.28307.852
MinimumVisualStudioVersion = 10.0.40219.1
Project("{FAE04EC0-301F-11D3-BF4B-00C04F79EFBC}") = "CSharpCoroutine", "CSharpCoroutine\CSharpCoroutine.csproj", "{35326D6D-90A9-4FD4-99E6-0FD016261330}"
EndProject
Project("{FAE04EC0-301F-11D3-BF4B-00C04F79EFBC}") = "Test", "Test\Test.csproj", "{3A9F1BC9-255D-45F6-9D21-EC5A95668FE2}"
EndProject
Global
	GlobalSection(SolutionConfigurationPlatforms) = preSolution
		Debug|Any CPU = Debug|Any CPU
		Release|Any CPU = Release|Any CPU
	EndGlobalSection
	GlobalSection(ProjectConfigurationPlatforms) = postSolution
		{35326D6D-90A9-4FD4-99E6-0FD016261330}.Debug|Any CPU.ActiveCfg = Debug|Any CPU
		{35326D6D-90A9-4FD4-99E6-0FD016261330}.Debug|Any CPU.Build.0 = Debug|Any CPU
		{35326D6D-90A9-4FD4-99E6-0FD016261330}.Release|Any CPU.ActiveCfg = Release|Any CPU
		{35326D6D-90A9-4FD4-99E6-0FD016261330}.Release|Any CPU.Build.0 = Release|Any CPU
		{3A9F1BC9-255D-45F6-9D21-EC5A95668FE2}.Debug|Any CPU.ActiveCfg = Debug|Any CPU
		{3A9F1BC9-255D-45F6-9D21-EC5A95668FE2}.Debug|Any CPU.Build.0 = Debug|Any CPU
		{3A9F1BC9-255D-45F6-9D21-EC5A95668FE2}.Release|Any CPU.ActiveCfg = Release|Any CPU
		{3A9F1BC9-255D-45F6-9D21-EC5A95668FE2}.Release|Any CPU.Build.0 = Release|Any CPU
	EndGlobalSection
	GlobalSection(SolutionProperties) = preSolution
		HideSolutionNode = FALSE
	EndGlobalSection
	GlobalSection(ExtensibilityGlobals) = postSolution
		SolutionGuid = {FD21EF37-1274-41A0-A5B1-BBC2C460E5E0}
	EndGlobalSection
EndGlobal
